
Microsoft Visual Studio Solution File, Format Version 12.00
# Visual Studio Version 16
VisualStudioVersion = 16.0.30907.101
MinimumVisualStudioVersion = 10.0.40219.1
Project("{FAE04EC0-301F-11D3-BF4B-00C04F79EFBC}") = "MovieApp", "MovieApp\MovieApp.csproj", "{19625F6F-B544-40B1-8065-E1C665502E56}"
EndProject
Global
	GlobalSection(SolutionConfigurationPlatforms) = preSolution
		Debug|Any CPU = Debug|Any CPU
		Release|Any CPU = Release|Any CPU
	EndGlobalSection
	GlobalSection(ProjectConfigurationPlatforms) = postSolution
		{19625F6F-B544-40B1-8065-E1C665502E56}.Debug|Any CPU.ActiveCfg = Debug|Any CPU
		{19625F6F-B544-40B1-8065-E1C665502E56}.Debug|Any CPU.Build.0 = Debug|Any CPU
		{19625F6F-B544-40B1-8065-E1C665502E56}.Release|Any CPU.ActiveCfg = Release|Any CPU
		{19625F6F-B544-40B1-8065-E1C665502E56}.Release|Any CPU.Build.0 = Release|Any CPU
	EndGlobalSection
	GlobalSection(SolutionProperties) = preSolution
		HideSolutionNode = FALSE
	EndGlobalSection
	GlobalSection(ExtensibilityGlobals) = postSolution
		SolutionGuid = {0E1B7678-EA41-4617-B398-9BDDD2BF93DB}
	EndGlobalSection
EndGlobal
